{
  "version": 4,
  "terraform_version": "1.10.5",
  "serial": 293,
  "lineage": "118b0832-cfae-92b3-4910-eed9995f9bee",
  "outputs": {},
  "resources": [
    {
      "module": "module.rearc-modules",
      "mode": "data",
      "type": "archive_file",
      "name": "bls_gov_archieve",
      "provider": "provider[\"registry.terraform.io/hashicorp/archive\"]",
      "instances": [
        {
          "schema_version": 0,
          "attributes": {
            "exclude_symlink_directories": null,
            "excludes": null,
            "id": "86f9afcf2535fc27ec86f131c4f2101307b8de67",
            "output_base64sha256": "DcvJr8QctMikQMpC8u5DQgs9ZZmm1rz4BjsSmUyF0D0=",
            "output_base64sha512": "wg7I4vriB+FM7fI6Obzj8Hz3rVTXcrpQL4CgWiyMXbdhIJcB7bpoTt53rt7dd+0t5+tkPw9VAnIGLMoQtNvLbA==",
            "output_file_mode": null,
            "output_md5": "810685bce3d7d6dfcb8ef701e9d6aeb9",
            "output_path": "bls_lambda_function_payload.zip",
            "output_sha": "86f9afcf2535fc27ec86f131c4f2101307b8de67",
            "output_sha256": "0dcbc9afc41cb4c8a440ca42f2ee43420b3d6599a6d6bcf8063b12994c85d03d",
            "output_sha512": "c20ec8e2fae207e14cedf23a39bce3f07cf7ad54d772ba502f80a05a2c8c5db761209701edba684ede77aededd77ed2de7eb643f0f550272062cca10b4dbcb6c",
            "output_size": 2570,
            "source": [],
            "source_content": null,
            "source_content_filename": null,
            "source_dir": null,
            "source_file": "../../terraform-modules/rearc-modules/bls_gov_processing.py",
            "type": "zip"
          },
          "sensitive_attributes": []
        }
      ]
    },
    {
      "module": "module.rearc-modules",
      "mode": "data",
      "type": "archive_file",
      "name": "rearc_reporting_archieve",
      "provider": "provider[\"registry.terraform.io/hashicorp/archive\"]",
      "instances": [
        {
          "schema_version": 0,
          "attributes": {
            "exclude_symlink_directories": null,
            "excludes": null,
            "id": "6cb29f71d5af7960f2d21c8d1c4ce1fe7cb54330",
            "output_base64sha256": "BA087m9uPMRbEHMVRH2wh4EN9JX6Iss/x/cmTkdYP/I=",
            "output_base64sha512": "T6hmMk1jPmoOHcQBARbuq193MiGdCgEGhQAwEhUm2RN0FQ8D54x4Ia/Nn61oohXpX32LhYi4O/0ZTSxLamFvEw==",
            "output_file_mode": null,
            "output_md5": "d9954d80d5bf49078112b22ae800858b",
            "output_path": "rearc_reporting_function_payload.zip",
            "output_sha": "6cb29f71d5af7960f2d21c8d1c4ce1fe7cb54330",
            "output_sha256": "040d3cee6f6e3cc45b107315447db087810df495fa22cb3fc7f7264e47583ff2",
            "output_sha512": "4fa866324d633e6a0e1dc4010116eeab5f7732219d0a0106850030121526d91374150f03e78c7821afcd9fad68a215e95f7d8b8588b83bfd194d2c4b6a616f13",
            "output_size": 2043,
            "source": [],
            "source_content": null,
            "source_content_filename": null,
            "source_dir": null,
            "source_file": "../../terraform-modules/rearc-modules/rearc_reporting_processing.py",
            "type": "zip"
          },
          "sensitive_attributes": []
        }
      ]
    },
    {
      "module": "module.rearc-modules",
      "mode": "data",
      "type": "aws_iam_policy_document",
      "name": "rearc_assume_role",
      "provider": "provider[\"registry.terraform.io/hashicorp/aws\"]",
      "instances": [
        {
          "schema_version": 0,
          "attributes": {
            "id": "1604711841",
            "json": "{\n  \"Version\": \"2012-10-17\",\n  \"Statement\": [\n    {\n      \"Effect\": \"Allow\",\n      \"Action\": \"sts:AssumeRole\",\n      \"Principal\": {\n        \"Service\": \"lambda.amazonaws.com\"\n      }\n    }\n  ]\n}",
            "minified_json": "{\"Version\":\"2012-10-17\",\"Statement\":[{\"Effect\":\"Allow\",\"Action\":\"sts:AssumeRole\",\"Principal\":{\"Service\":\"lambda.amazonaws.com\"}}]}",
            "override_json": null,
            "override_policy_documents": null,
            "policy_id": null,
            "source_json": null,
            "source_policy_documents": null,
            "statement": [
              {
                "actions": [
                  "sts:AssumeRole"
                ],
                "condition": [],
                "effect": "Allow",
                "not_actions": [],
                "not_principals": [],
                "not_resources": [],
                "principals": [
                  {
                    "identifiers": [
                      "lambda.amazonaws.com"
                    ],
                    "type": "Service"
                  }
                ],
                "resources": [],
                "sid": ""
              }
            ],
            "version": "2012-10-17"
          },
          "sensitive_attributes": []
        }
      ]
    },
    {
      "module": "module.rearc-modules",
      "mode": "data",
      "type": "aws_iam_policy_document",
      "name": "rearc_sqs_s3_queue_policy",
      "provider": "provider[\"registry.terraform.io/hashicorp/aws\"]",
      "instances": [
        {
          "schema_version": 0,
          "attributes": {
            "id": "1196699089",
            "json": "{\n  \"Version\": \"2012-10-17\",\n  \"Statement\": [\n    {\n      \"Effect\": \"Allow\",\n      \"Action\": \"sqs:SendMessage\",\n      \"Resource\": \"arn:aws:sqs:*:*:v2-integration-rearc-bls-gov-queue-tf\",\n      \"Principal\": \"*\",\n      \"Condition\": {\n        \"ArnEquals\": {\n          \"aws:SourceArn\": \"arn:aws:s3:::v2-rearc-bucket-tf\"\n        }\n      }\n    }\n  ]\n}",
            "minified_json": "{\"Version\":\"2012-10-17\",\"Statement\":[{\"Effect\":\"Allow\",\"Action\":\"sqs:SendMessage\",\"Resource\":\"arn:aws:sqs:*:*:v2-integration-rearc-bls-gov-queue-tf\",\"Principal\":\"*\",\"Condition\":{\"ArnEquals\":{\"aws:SourceArn\":\"arn:aws:s3:::v2-rearc-bucket-tf\"}}}]}",
            "override_json": null,
            "override_policy_documents": null,
            "policy_id": null,
            "source_json": null,
            "source_policy_documents": null,
            "statement": [
              {
                "actions": [
                  "sqs:SendMessage"
                ],
                "condition": [
                  {
                    "test": "ArnEquals",
                    "values": [
                      "arn:aws:s3:::v2-rearc-bucket-tf"
                    ],
                    "variable": "aws:SourceArn"
                  }
                ],
                "effect": "Allow",
                "not_actions": [],
                "not_principals": [],
                "not_resources": [],
                "principals": [
                  {
                    "identifiers": [
                      "*"
                    ],
                    "type": "*"
                  }
                ],
                "resources": [
                  "arn:aws:sqs:*:*:v2-integration-rearc-bls-gov-queue-tf"
                ],
                "sid": ""
              }
            ],
            "version": "2012-10-17"
          },
          "sensitive_attributes": []
        }
      ]
    },
    {
      "module": "module.rearc-modules",
      "mode": "managed",
      "type": "aws_dynamodb_table",
      "name": "rearc-dynamodb-table",
      "provider": "provider[\"registry.terraform.io/hashicorp/aws\"]",
      "instances": [
        {
          "schema_version": 1,
          "attributes": {
            "arn": "arn:aws:dynamodb:ap-south-1:815931044416:table/v2-integration-rearc-tracking-tbl-tf",
            "attribute": [
              {
                "name": "date_time",
                "type": "S"
              }
            ],
            "billing_mode": "PAY_PER_REQUEST",
            "deletion_protection_enabled": false,
            "global_secondary_index": [],
            "hash_key": "date_time",
            "id": "v2-integration-rearc-tracking-tbl-tf",
            "import_table": [],
            "local_secondary_index": [],
            "name": "v2-integration-rearc-tracking-tbl-tf",
            "on_demand_throughput": [],
            "point_in_time_recovery": [
              {
                "enabled": false
              }
            ],
            "range_key": null,
            "read_capacity": 0,
            "replica": [],
            "restore_date_time": null,
            "restore_source_name": null,
            "restore_source_table_arn": null,
            "restore_to_latest_time": null,
            "server_side_encryption": [],
            "stream_arn": "",
            "stream_enabled": false,
            "stream_label": "",
            "stream_view_type": "",
            "table_class": "STANDARD",
            "tags": null,
            "tags_all": {},
            "timeouts": null,
            "ttl": [
              {
                "attribute_name": "",
                "enabled": false
              }
            ],
            "write_capacity": 0
          },
          "sensitive_attributes": [],
          "private": "eyJlMmJmYjczMC1lY2FhLTExZTYtOGY4OC0zNDM2M2JjN2M0YzAiOnsiY3JlYXRlIjoxODAwMDAwMDAwMDAwLCJkZWxldGUiOjYwMDAwMDAwMDAwMCwidXBkYXRlIjozNjAwMDAwMDAwMDAwfSwic2NoZW1hX3ZlcnNpb24iOiIxIn0="
        }
      ]
    },
    {
      "module": "module.rearc-modules",
      "mode": "managed",
      "type": "aws_iam_policy",
      "name": "rearc_cloudwatch_policy",
      "provider": "provider[\"registry.terraform.io/hashicorp/aws\"]",
      "instances": [
        {
          "schema_version": 0,
          "attributes": {
            "arn": "arn:aws:iam::815931044416:policy/default_rearc_cloudwatch_policy_name",
            "attachment_count": 0,
            "description": "custom cloudwatch policy",
            "id": "arn:aws:iam::815931044416:policy/default_rearc_cloudwatch_policy_name",
            "name": "default_rearc_cloudwatch_policy_name",
            "name_prefix": "",
            "path": "/",
            "policy": "{\"Statement\":[{\"Action\":[\"autoscaling:Describe*\",\"cloudwatch:*\",\"logs:*\",\"sns:*\",\"iam:GetPolicy\",\"iam:GetPolicyVersion\",\"iam:GetRole\",\"oam:ListSinks\"],\"Effect\":\"Allow\",\"Resource\":\"*\"},{\"Action\":\"iam:CreateServiceLinkedRole\",\"Condition\":{\"StringLike\":{\"iam:AWSServiceName\":\"events.amazonaws.com\"}},\"Effect\":\"Allow\",\"Resource\":\"arn:aws:iam::*:role/aws-service-role/events.amazonaws.com/AWSServiceRoleForCloudWatchEvents*\"},{\"Action\":[\"oam:ListAttachedLinks\"],\"Effect\":\"Allow\",\"Resource\":\"arn:aws:oam:*:*:sink/*\"}],\"Version\":\"2012-10-17\"}",
            "policy_id": "ANPA336KHWJACVWNUYIII",
            "tags": null,
            "tags_all": {}
          },
          "sensitive_attributes": [],
          "private": "bnVsbA=="
        }
      ]
    },
    {
      "module": "module.rearc-modules",
      "mode": "managed",
      "type": "aws_iam_policy",
      "name": "rearc_dynamodb_policy",
      "provider": "provider[\"registry.terraform.io/hashicorp/aws\"]",
      "instances": [
        {
          "schema_version": 0,
          "attributes": {
            "arn": "arn:aws:iam::815931044416:policy/default_rearc_dynamodb_policy_name",
            "attachment_count": 0,
            "description": "custom dynamodb policy",
            "id": "arn:aws:iam::815931044416:policy/default_rearc_dynamodb_policy_name",
            "name": "default_rearc_dynamodb_policy_name",
            "name_prefix": "",
            "path": "/",
            "policy": "{\"Statement\":[{\"Action\":[\"dynamodb:*\",\"dax:*\",\"application-autoscaling:DeleteScalingPolicy\",\"application-autoscaling:DeregisterScalableTarget\",\"application-autoscaling:DescribeScalableTargets\",\"application-autoscaling:DescribeScalingActivities\",\"application-autoscaling:DescribeScalingPolicies\",\"application-autoscaling:PutScalingPolicy\",\"application-autoscaling:RegisterScalableTarget\",\"cloudwatch:DeleteAlarms\",\"cloudwatch:DescribeAlarmHistory\",\"cloudwatch:DescribeAlarms\",\"cloudwatch:DescribeAlarmsForMetric\",\"cloudwatch:GetMetricStatistics\",\"cloudwatch:ListMetrics\",\"cloudwatch:PutMetricAlarm\",\"cloudwatch:GetMetricData\",\"datapipeline:ActivatePipeline\",\"datapipeline:CreatePipeline\",\"datapipeline:DeletePipeline\",\"datapipeline:DescribeObjects\",\"datapipeline:DescribePipelines\",\"datapipeline:GetPipelineDefinition\",\"datapipeline:ListPipelines\",\"datapipeline:PutPipelineDefinition\",\"datapipeline:QueryObjects\",\"ec2:DescribeVpcs\",\"ec2:DescribeSubnets\",\"ec2:DescribeSecurityGroups\",\"iam:GetRole\",\"iam:ListRoles\",\"kms:DescribeKey\",\"kms:ListAliases\",\"sns:CreateTopic\",\"sns:DeleteTopic\",\"sns:ListSubscriptions\",\"sns:ListSubscriptionsByTopic\",\"sns:ListTopics\",\"sns:Subscribe\",\"sns:Unsubscribe\",\"sns:SetTopicAttributes\",\"lambda:CreateFunction\",\"lambda:ListFunctions\",\"lambda:ListEventSourceMappings\",\"lambda:CreateEventSourceMapping\",\"lambda:DeleteEventSourceMapping\",\"lambda:GetFunctionConfiguration\",\"lambda:DeleteFunction\",\"resource-groups:ListGroups\",\"resource-groups:ListGroupResources\",\"resource-groups:GetGroup\",\"resource-groups:GetGroupQuery\",\"resource-groups:DeleteGroup\",\"resource-groups:CreateGroup\",\"tag:GetResources\",\"kinesis:ListStreams\",\"kinesis:DescribeStream\",\"kinesis:DescribeStreamSummary\"],\"Effect\":\"Allow\",\"Resource\":\"*\"},{\"Action\":\"cloudwatch:GetInsightRuleReport\",\"Effect\":\"Allow\",\"Resource\":\"arn:aws:cloudwatch:*:*:insight-rule/DynamoDBContributorInsights*\"},{\"Action\":[\"iam:PassRole\"],\"Condition\":{\"StringLike\":{\"iam:PassedToService\":[\"application-autoscaling.amazonaws.com\",\"application-autoscaling.amazonaws.com.cn\",\"dax.amazonaws.com\"]}},\"Effect\":\"Allow\",\"Resource\":\"*\"},{\"Action\":[\"iam:CreateServiceLinkedRole\"],\"Condition\":{\"StringEquals\":{\"iam:AWSServiceName\":[\"replication.dynamodb.amazonaws.com\",\"dax.amazonaws.com\",\"dynamodb.application-autoscaling.amazonaws.com\",\"contributorinsights.dynamodb.amazonaws.com\",\"kinesisreplication.dynamodb.amazonaws.com\"]}},\"Effect\":\"Allow\",\"Resource\":\"*\"}],\"Version\":\"2012-10-17\"}",
            "policy_id": "ANPA336KHWJABTMQWRTPN",
            "tags": null,
            "tags_all": {}
          },
          "sensitive_attributes": [],
          "private": "bnVsbA=="
        }
      ]
    },
    {
      "module": "module.rearc-modules",
      "mode": "managed",
      "type": "aws_iam_policy",
      "name": "rearc_s3_policy",
      "provider": "provider[\"registry.terraform.io/hashicorp/aws\"]",
      "instances": [
        {
          "schema_version": 0,
          "attributes": {
            "arn": "arn:aws:iam::815931044416:policy/default_rearc_s3_policy_name",
            "attachment_count": 0,
            "description": "custom s3 policy",
            "id": "arn:aws:iam::815931044416:policy/default_rearc_s3_policy_name",
            "name": "default_rearc_s3_policy_name",
            "name_prefix": "",
            "path": "/",
            "policy": "{\"Statement\":[{\"Action\":[\"s3:*\",\"s3-object-lambda:*\"],\"Effect\":\"Allow\",\"Resource\":\"*\"}],\"Version\":\"2012-10-17\"}",
            "policy_id": "ANPA336KHWJALTHCX746Q",
            "tags": null,
            "tags_all": {}
          },
          "sensitive_attributes": [],
          "private": "bnVsbA=="
        }
      ]
    },
    {
      "module": "module.rearc-modules",
      "mode": "managed",
      "type": "aws_iam_policy",
      "name": "rearc_sqs_policy",
      "provider": "provider[\"registry.terraform.io/hashicorp/aws\"]",
      "instances": [
        {
          "schema_version": 0,
          "attributes": {
            "arn": "arn:aws:iam::815931044416:policy/default_rearc_sqs_policy_name",
            "attachment_count": 0,
            "description": "custom sqs policy",
            "id": "arn:aws:iam::815931044416:policy/default_rearc_sqs_policy_name",
            "name": "default_rearc_sqs_policy_name",
            "name_prefix": "",
            "path": "/",
            "policy": "{\"Statement\":[{\"Action\":[\"sqs:*\"],\"Effect\":\"Allow\",\"Resource\":\"*\"}],\"Version\":\"2012-10-17\"}",
            "policy_id": "ANPA336KHWJAHR77OK37K",
            "tags": null,
            "tags_all": {}
          },
          "sensitive_attributes": [],
          "private": "bnVsbA=="
        }
      ]
    },
    {
      "module": "module.rearc-modules",
      "mode": "managed",
      "type": "aws_iam_role",
      "name": "iam_for_lambda",
      "provider": "provider[\"registry.terraform.io/hashicorp/aws\"]",
      "instances": [
        {
          "schema_version": 0,
          "attributes": {
            "arn": "arn:aws:iam::815931044416:role/v2-integration-rearc-role-tf",
            "assume_role_policy": "{\"Statement\":[{\"Action\":\"sts:AssumeRole\",\"Effect\":\"Allow\",\"Principal\":{\"Service\":\"lambda.amazonaws.com\"}}],\"Version\":\"2012-10-17\"}",
            "create_date": "2025-05-15T11:40:42Z",
            "description": "",
            "force_detach_policies": false,
            "id": "v2-integration-rearc-role-tf",
            "inline_policy": [],
            "managed_policy_arns": [
              "arn:aws:iam::815931044416:policy/default_rearc_cloudwatch_policy_name",
              "arn:aws:iam::815931044416:policy/default_rearc_dynamodb_policy_name",
              "arn:aws:iam::815931044416:policy/default_rearc_s3_policy_name",
              "arn:aws:iam::815931044416:policy/default_rearc_sqs_policy_name"
            ],
            "max_session_duration": 3600,
            "name": "v2-integration-rearc-role-tf",
            "name_prefix": "",
            "path": "/",
            "permissions_boundary": "",
            "tags": null,
            "tags_all": {},
            "unique_id": "AROA336KHWJACTK4BELME"
          },
          "sensitive_attributes": [],
          "private": "bnVsbA==",
          "dependencies": [
            "module.rearc-modules.aws_iam_policy.rearc_cloudwatch_policy",
            "module.rearc-modules.aws_iam_policy.rearc_dynamodb_policy",
            "module.rearc-modules.aws_iam_policy.rearc_s3_policy",
            "module.rearc-modules.aws_iam_policy.rearc_sqs_policy",
            "module.rearc-modules.data.aws_iam_policy_document.rearc_assume_role"
          ]
        }
      ]
    },
    {
      "module": "module.rearc-modules",
      "mode": "managed",
      "type": "aws_lambda_event_source_mapping",
      "name": "event_source_mapping",
      "provider": "provider[\"registry.terraform.io/hashicorp/aws\"]",
      "instances": [
        {
          "schema_version": 0,
          "attributes": {
            "amazon_managed_kafka_event_source_config": [],
            "arn": "arn:aws:lambda:ap-south-1:815931044416:event-source-mapping:c62542b7-033a-43eb-9916-5be2e7322c44",
            "batch_size": 1,
            "bisect_batch_on_function_error": false,
            "destination_config": [],
            "document_db_event_source_config": [],
            "enabled": true,
            "event_source_arn": "arn:aws:sqs:ap-south-1:815931044416:v2-integration-rearc-bls-gov-queue-tf",
            "filter_criteria": [],
            "function_arn": "arn:aws:lambda:ap-south-1:815931044416:function:v2-integration-rearc-reporting-tf",
            "function_name": "arn:aws:lambda:ap-south-1:815931044416:function:v2-integration-rearc-reporting-tf",
            "function_response_types": null,
            "id": "c62542b7-033a-43eb-9916-5be2e7322c44",
            "kms_key_arn": "",
            "last_modified": "2025-05-15T11:41:08Z",
            "last_processing_result": "",
            "maximum_batching_window_in_seconds": 0,
            "maximum_record_age_in_seconds": 0,
            "maximum_retry_attempts": 0,
            "metrics_config": [],
            "parallelization_factor": 0,
            "provisioned_poller_config": [],
            "queues": null,
            "scaling_config": [],
            "self_managed_event_source": [],
            "self_managed_kafka_event_source_config": [],
            "source_access_configuration": [],
            "starting_position": "",
            "starting_position_timestamp": "",
            "state": "Enabled",
            "state_transition_reason": "USER_INITIATED",
            "tags": null,
            "tags_all": {},
            "topics": null,
            "tumbling_window_in_seconds": 0,
            "uuid": "c62542b7-033a-43eb-9916-5be2e7322c44"
          },
          "sensitive_attributes": [],
          "private": "bnVsbA==",
          "dependencies": [
            "module.rearc-modules.aws_iam_policy.rearc_cloudwatch_policy",
            "module.rearc-modules.aws_iam_policy.rearc_dynamodb_policy",
            "module.rearc-modules.aws_iam_policy.rearc_s3_policy",
            "module.rearc-modules.aws_iam_policy.rearc_sqs_policy",
            "module.rearc-modules.aws_iam_role.iam_for_lambda",
            "module.rearc-modules.aws_lambda_function.rearc_reporting_lambda",
            "module.rearc-modules.aws_s3_bucket.rearc_bucket",
            "module.rearc-modules.aws_sqs_queue.rearc_queue",
            "module.rearc-modules.data.archive_file.rearc_reporting_archieve",
            "module.rearc-modules.data.aws_iam_policy_document.rearc_assume_role",
            "module.rearc-modules.data.aws_iam_policy_document.rearc_sqs_s3_queue_policy"
          ]
        }
      ]
    },
    {
      "module": "module.rearc-modules",
      "mode": "managed",
      "type": "aws_lambda_function",
      "name": "bls_gov_lambda",
      "provider": "provider[\"registry.terraform.io/hashicorp/aws\"]",
      "instances": [
        {
          "schema_version": 0,
          "attributes": {
            "architectures": [
              "x86_64"
            ],
            "arn": "arn:aws:lambda:ap-south-1:815931044416:function:v2-integration-rearc-bls-gov-data-processing-tf",
            "code_sha256": "DcvJr8QctMikQMpC8u5DQgs9ZZmm1rz4BjsSmUyF0D0=",
            "code_signing_config_arn": "",
            "dead_letter_config": [],
            "description": "",
            "environment": [
              {
                "variables": {
                  "BUCKET_NAME": "v2-rearc-bucket-tf",
                  "CONTENT_TYPE": "default_rearc_content_type",
                  "KEY_NATION_POPULATION_DATA": "api_data/nation_population.json",
                  "NATION_POPULATION_API_URL": "default_rearc_nation_population_api_url",
                  "REARC_URL": "https://download.bls.gov/pub/time.series/pr/",
                  "TRACKING_TBL": "v2-integration-rearc-tracking-tbl-tf",
                  "USER_AGENT": "default_rearc_user_agent"
                }
              }
            ],
            "ephemeral_storage": [
              {
                "size": 512
              }
            ],
            "file_system_config": [],
            "filename": "bls_lambda_function_payload.zip",
            "function_name": "v2-integration-rearc-bls-gov-data-processing-tf",
            "handler": "bls_gov_processing.lambda_handler",
            "id": "v2-integration-rearc-bls-gov-data-processing-tf",
            "image_config": [],
            "image_uri": "",
            "invoke_arn": "arn:aws:apigateway:ap-south-1:lambda:path/2015-03-31/functions/arn:aws:lambda:ap-south-1:815931044416:function:v2-integration-rearc-bls-gov-data-processing-tf/invocations",
            "kms_key_arn": "",
            "last_modified": "2025-05-15T11:40:53.537+0000",
            "layers": [
              "arn:aws:lambda:ap-south-1:815931044416:layer:v2-integration-rearc-python-request:6",
              "arn:aws:lambda:ap-south-1:336392948345:layer:AWSSDKPandas-Python313:1"
            ],
            "logging_config": [
              {
                "application_log_level": "",
                "log_format": "Text",
                "log_group": "/aws/lambda/v2-integration-rearc-bls-gov-data-processing-tf",
                "system_log_level": ""
              }
            ],
            "memory_size": 128,
            "package_type": "Zip",
            "publish": false,
            "qualified_arn": "arn:aws:lambda:ap-south-1:815931044416:function:v2-integration-rearc-bls-gov-data-processing-tf:$LATEST",
            "qualified_invoke_arn": "arn:aws:apigateway:ap-south-1:lambda:path/2015-03-31/functions/arn:aws:lambda:ap-south-1:815931044416:function:v2-integration-rearc-bls-gov-data-processing-tf:$LATEST/invocations",
            "replace_security_groups_on_destroy": null,
            "replacement_security_group_ids": null,
            "reserved_concurrent_executions": -1,
            "role": "arn:aws:iam::815931044416:role/v2-integration-rearc-role-tf",
            "runtime": "python3.13",
            "s3_bucket": null,
            "s3_key": null,
            "s3_object_version": null,
            "signing_job_arn": "",
            "signing_profile_version_arn": "",
            "skip_destroy": false,
            "snap_start": [],
            "source_code_hash": "DcvJr8QctMikQMpC8u5DQgs9ZZmm1rz4BjsSmUyF0D0=",
            "source_code_size": 2570,
            "tags": null,
            "tags_all": {},
            "timeout": 300,
            "timeouts": null,
            "tracing_config": [
              {
                "mode": "PassThrough"
              }
            ],
            "version": "$LATEST",
            "vpc_config": []
          },
          "sensitive_attributes": [],
          "private": "eyJlMmJmYjczMC1lY2FhLTExZTYtOGY4OC0zNDM2M2JjN2M0YzAiOnsiY3JlYXRlIjo2MDAwMDAwMDAwMDAsImRlbGV0ZSI6NjAwMDAwMDAwMDAwLCJ1cGRhdGUiOjYwMDAwMDAwMDAwMH19",
          "dependencies": [
            "module.rearc-modules.aws_iam_policy.rearc_cloudwatch_policy",
            "module.rearc-modules.aws_iam_policy.rearc_dynamodb_policy",
            "module.rearc-modules.aws_iam_policy.rearc_s3_policy",
            "module.rearc-modules.aws_iam_policy.rearc_sqs_policy",
            "module.rearc-modules.aws_iam_role.iam_for_lambda",
            "module.rearc-modules.data.archive_file.bls_gov_archieve",
            "module.rearc-modules.data.aws_iam_policy_document.rearc_assume_role"
          ]
        }
      ]
    },
    {
      "module": "module.rearc-modules",
      "mode": "managed",
      "type": "aws_lambda_function",
      "name": "rearc_reporting_lambda",
      "provider": "provider[\"registry.terraform.io/hashicorp/aws\"]",
      "instances": [
        {
          "schema_version": 0,
          "attributes": {
            "architectures": [
              "x86_64"
            ],
            "arn": "arn:aws:lambda:ap-south-1:815931044416:function:v2-integration-rearc-reporting-tf",
            "code_sha256": "BA087m9uPMRbEHMVRH2wh4EN9JX6Iss/x/cmTkdYP/I=",
            "code_signing_config_arn": "",
            "dead_letter_config": [],
            "description": "",
            "environment": [
              {
                "variables": {
                  "BUCKET_NAME": "v2-rearc-bucket-tf",
                  "FILE_TO_FETCH": "pr.data.0.Current.csv",
                  "SQS_QUEUE_URL": "https://sqs.ap-south-1.amazonaws.com/815931044416/v2-integration-rearc-bls-gov-queue-tf",
                  "TRACKING_TBL": "v2-integration-rearc-tracking-tbl-tf"
                }
              }
            ],
            "ephemeral_storage": [
              {
                "size": 512
              }
            ],
            "file_system_config": [],
            "filename": "rearc_reporting_function_payload.zip",
            "function_name": "v2-integration-rearc-reporting-tf",
            "handler": "rearc_reporting_processing.lambda_handler",
            "id": "v2-integration-rearc-reporting-tf",
            "image_config": [],
            "image_uri": "",
            "invoke_arn": "arn:aws:apigateway:ap-south-1:lambda:path/2015-03-31/functions/arn:aws:lambda:ap-south-1:815931044416:function:v2-integration-rearc-reporting-tf/invocations",
            "kms_key_arn": "",
            "last_modified": "2025-05-15T11:40:59.508+0000",
            "layers": [
              "arn:aws:lambda:ap-south-1:336392948345:layer:AWSSDKPandas-Python313:1"
            ],
            "logging_config": [
              {
                "application_log_level": "",
                "log_format": "Text",
                "log_group": "/aws/lambda/v2-integration-rearc-reporting-tf",
                "system_log_level": ""
              }
            ],
            "memory_size": 128,
            "package_type": "Zip",
            "publish": false,
            "qualified_arn": "arn:aws:lambda:ap-south-1:815931044416:function:v2-integration-rearc-reporting-tf:$LATEST",
            "qualified_invoke_arn": "arn:aws:apigateway:ap-south-1:lambda:path/2015-03-31/functions/arn:aws:lambda:ap-south-1:815931044416:function:v2-integration-rearc-reporting-tf:$LATEST/invocations",
            "replace_security_groups_on_destroy": null,
            "replacement_security_group_ids": null,
            "reserved_concurrent_executions": -1,
            "role": "arn:aws:iam::815931044416:role/v2-integration-rearc-role-tf",
            "runtime": "python3.13",
            "s3_bucket": null,
            "s3_key": null,
            "s3_object_version": null,
            "signing_job_arn": "",
            "signing_profile_version_arn": "",
            "skip_destroy": false,
            "snap_start": [],
            "source_code_hash": "BA087m9uPMRbEHMVRH2wh4EN9JX6Iss/x/cmTkdYP/I=",
            "source_code_size": 2043,
            "tags": null,
            "tags_all": {},
            "timeout": 120,
            "timeouts": null,
            "tracing_config": [
              {
                "mode": "PassThrough"
              }
            ],
            "version": "$LATEST",
            "vpc_config": []
          },
          "sensitive_attributes": [],
          "private": "eyJlMmJmYjczMC1lY2FhLTExZTYtOGY4OC0zNDM2M2JjN2M0YzAiOnsiY3JlYXRlIjo2MDAwMDAwMDAwMDAsImRlbGV0ZSI6NjAwMDAwMDAwMDAwLCJ1cGRhdGUiOjYwMDAwMDAwMDAwMH19",
          "dependencies": [
            "module.rearc-modules.aws_iam_policy.rearc_cloudwatch_policy",
            "module.rearc-modules.aws_iam_policy.rearc_dynamodb_policy",
            "module.rearc-modules.aws_iam_policy.rearc_s3_policy",
            "module.rearc-modules.aws_iam_policy.rearc_sqs_policy",
            "module.rearc-modules.aws_iam_role.iam_for_lambda",
            "module.rearc-modules.data.archive_file.rearc_reporting_archieve",
            "module.rearc-modules.data.aws_iam_policy_document.rearc_assume_role"
          ]
        }
      ]
    },
    {
      "module": "module.rearc-modules",
      "mode": "managed",
      "type": "aws_s3_bucket",
      "name": "rearc_bucket",
      "provider": "provider[\"registry.terraform.io/hashicorp/aws\"]",
      "instances": [
        {
          "schema_version": 0,
          "attributes": {
            "acceleration_status": "",
            "acl": null,
            "arn": "arn:aws:s3:::v2-rearc-bucket-tf",
            "bucket": "v2-rearc-bucket-tf",
            "bucket_domain_name": "v2-rearc-bucket-tf.s3.amazonaws.com",
            "bucket_prefix": "",
            "bucket_regional_domain_name": "v2-rearc-bucket-tf.s3.ap-south-1.amazonaws.com",
            "cors_rule": [],
            "force_destroy": false,
            "grant": [
              {
                "id": "e95e088b078eb7510242567f8d0ac65d88980e585b381619df63f1b05d857cb3",
                "permissions": [
                  "FULL_CONTROL"
                ],
                "type": "CanonicalUser",
                "uri": ""
              }
            ],
            "hosted_zone_id": "Z11RGJOFQNVJUP",
            "id": "v2-rearc-bucket-tf",
            "lifecycle_rule": [],
            "logging": [],
            "object_lock_configuration": [],
            "object_lock_enabled": false,
            "policy": "",
            "region": "ap-south-1",
            "replication_configuration": [],
            "request_payer": "BucketOwner",
            "server_side_encryption_configuration": [
              {
                "rule": [
                  {
                    "apply_server_side_encryption_by_default": [
                      {
                        "kms_master_key_id": "",
                        "sse_algorithm": "AES256"
                      }
                    ],
                    "bucket_key_enabled": false
                  }
                ]
              }
            ],
            "tags": null,
            "tags_all": {},
            "timeouts": null,
            "versioning": [
              {
                "enabled": false,
                "mfa_delete": false
              }
            ],
            "website": [],
            "website_domain": null,
            "website_endpoint": null
          },
          "sensitive_attributes": [],
          "private": "eyJlMmJmYjczMC1lY2FhLTExZTYtOGY4OC0zNDM2M2JjN2M0YzAiOnsiY3JlYXRlIjoxMjAwMDAwMDAwMDAwLCJkZWxldGUiOjM2MDAwMDAwMDAwMDAsInJlYWQiOjEyMDAwMDAwMDAwMDAsInVwZGF0ZSI6MTIwMDAwMDAwMDAwMH19"
        }
      ]
    },
    {
      "module": "module.rearc-modules",
      "mode": "managed",
      "type": "aws_s3_bucket_notification",
      "name": "bucket_notification",
      "provider": "provider[\"registry.terraform.io/hashicorp/aws\"]",
      "instances": [
        {
          "schema_version": 0,
          "attributes": {
            "bucket": "v2-rearc-bucket-tf",
            "eventbridge": false,
            "id": "v2-rearc-bucket-tf",
            "lambda_function": [],
            "queue": [
              {
                "events": [
                  "s3:ObjectCreated:*"
                ],
                "filter_prefix": "api_data/",
                "filter_suffix": ".json",
                "id": "tf-s3-queue-20250515114108930800000001",
                "queue_arn": "arn:aws:sqs:ap-south-1:815931044416:v2-integration-rearc-bls-gov-queue-tf"
              }
            ],
            "topic": []
          },
          "sensitive_attributes": [],
          "private": "bnVsbA==",
          "dependencies": [
            "module.rearc-modules.aws_s3_bucket.rearc_bucket",
            "module.rearc-modules.aws_sqs_queue.rearc_queue",
            "module.rearc-modules.data.aws_iam_policy_document.rearc_sqs_s3_queue_policy"
          ]
        }
      ]
    },
    {
      "module": "module.rearc-modules",
      "mode": "managed",
      "type": "aws_sqs_queue",
      "name": "rearc_queue",
      "provider": "provider[\"registry.terraform.io/hashicorp/aws\"]",
      "instances": [
        {
          "schema_version": 0,
          "attributes": {
            "arn": "arn:aws:sqs:ap-south-1:815931044416:v2-integration-rearc-bls-gov-queue-tf",
            "content_based_deduplication": false,
            "deduplication_scope": "",
            "delay_seconds": 0,
            "fifo_queue": false,
            "fifo_throughput_limit": "",
            "id": "https://sqs.ap-south-1.amazonaws.com/815931044416/v2-integration-rearc-bls-gov-queue-tf",
            "kms_data_key_reuse_period_seconds": 300,
            "kms_master_key_id": "",
            "max_message_size": 262144,
            "message_retention_seconds": 345600,
            "name": "v2-integration-rearc-bls-gov-queue-tf",
            "name_prefix": "",
            "policy": "{\"Statement\":[{\"Action\":\"sqs:SendMessage\",\"Condition\":{\"ArnEquals\":{\"aws:SourceArn\":\"arn:aws:s3:::v2-rearc-bucket-tf\"}},\"Effect\":\"Allow\",\"Principal\":\"*\",\"Resource\":\"arn:aws:sqs:*:*:v2-integration-rearc-bls-gov-queue-tf\"}],\"Version\":\"2012-10-17\"}",
            "receive_wait_time_seconds": 0,
            "redrive_allow_policy": "",
            "redrive_policy": "",
            "sqs_managed_sse_enabled": true,
            "tags": null,
            "tags_all": {},
            "timeouts": null,
            "url": "https://sqs.ap-south-1.amazonaws.com/815931044416/v2-integration-rearc-bls-gov-queue-tf",
            "visibility_timeout_seconds": 120
          },
          "sensitive_attributes": [],
          "private": "eyJlMmJmYjczMC1lY2FhLTExZTYtOGY4OC0zNDM2M2JjN2M0YzAiOnsiY3JlYXRlIjoxODAwMDAwMDAwMDAsImRlbGV0ZSI6MTgwMDAwMDAwMDAwLCJ1cGRhdGUiOjE4MDAwMDAwMDAwMH19",
          "dependencies": [
            "module.rearc-modules.aws_s3_bucket.rearc_bucket",
            "module.rearc-modules.data.aws_iam_policy_document.rearc_sqs_s3_queue_policy"
          ]
        }
      ]
    }
  ],
  "check_results": null
}
